
Microsoft Visual Studio Solution File, Format Version 12.00
# Visual Studio Version 17
VisualStudioVersion = 17.13.35919.96
MinimumVisualStudioVersion = 10.0.40219.1
Project("{FAE04EC0-301F-11D3-BF4B-00C04F79EFBC}") = "ApiMonetizationGateway", "ApiMonetizationGateway\ApiMonetizationGateway.csproj", "{091BF33B-7BB3-C06C-8AF9-C9B3180847F8}"
EndProject
Global
	GlobalSection(SolutionConfigurationPlatforms) = preSolution
		Debug|Any CPU = Debug|Any CPU
		Release|Any CPU = Release|Any CPU
	EndGlobalSection
	GlobalSection(ProjectConfigurationPlatforms) = postSolution
		{091BF33B-7BB3-C06C-8AF9-C9B3180847F8}.Debug|Any CPU.ActiveCfg = Debug|Any CPU
		{091BF33B-7BB3-C06C-8AF9-C9B3180847F8}.Debug|Any CPU.Build.0 = Debug|Any CPU
		{091BF33B-7BB3-C06C-8AF9-C9B3180847F8}.Release|Any CPU.ActiveCfg = Release|Any CPU
		{091BF33B-7BB3-C06C-8AF9-C9B3180847F8}.Release|Any CPU.Build.0 = Release|Any CPU
	EndGlobalSection
	GlobalSection(SolutionProperties) = preSolution
		HideSolutionNode = FALSE
	EndGlobalSection
	GlobalSection(ExtensibilityGlobals) = postSolution
		SolutionGuid = {573DB059-B23A-4F10-A7C2-2AA3E37B7744}
	EndGlobalSection
EndGlobal
